# THIS IS AN AUTOGENERATED FILE. DO NOT EDIT THIS FILE DIRECTLY.
# yarn lockfile v1


"@babel/runtime@^7.21.0":
  version "7.21.5"
  resolved "https://registry.yarnpkg.com/@babel/runtime/-/runtime-7.21.5.tgz#8492dddda9644ae3bda3b45eabe87382caee7200"
  integrity sha512-8jI69toZqqcsnqGGqwGS4Qb1VwLOEp4hz+CXPywcvjs60u3B4Pom/U/7rm4W8tMOYEB+E9wgD0mW1l3r8qlI9Q==
  dependencies:
    regenerator-runtime "^0.13.11"

"@nivo/annotations@0.83.0":
  version "0.83.0"
  resolved "https://registry.yarnpkg.com/@nivo/annotations/-/annotations-0.83.0.tgz#d37bfc9d0cfcef53086ef88ff11dc7057bb130e3"
  integrity sha512-FkfCprk1a3WCCNcQOfI2+Ww7vqTP/nJjQDVhFYf1YAaEGwXi4+OO4uJAtKtNcGE5cJWdOp+f0Gt4aNPGx7RtEw==
  dependencies:
    "@nivo/colors" "0.83.0"
    "@nivo/core" "0.83.0"
    "@react-spring/web" "9.4.5 || ^9.7.2"
    "@types/prop-types" "^15.7.2"
    lodash "^4.17.21"
    prop-types "^15.7.2"

"@nivo/arcs@0.83.0":
  version "0.83.0"
  resolved "https://registry.yarnpkg.com/@nivo/arcs/-/arcs-0.83.0.tgz#57062df79556d7dc42101fa5143586d56e7bd1b8"
  integrity sha512-UcbNbtp28lbI5V/Sm6TIgYzZmtuhSxW3eTma+YBsgXi1AN/THSwEg0gSV8owyDT/8kaL+jcBQ6c54gzSLClhkw==
  dependencies:
    "@nivo/colors" "0.83.0"
    "@nivo/core" "0.83.0"
    "@react-spring/web" "9.4.5 || ^9.7.2"
    "@types/d3-shape" "^2.0.0"
    d3-shape "^1.3.5"

"@nivo/axes@0.83.0":
  version "0.83.0"
  resolved "https://registry.yarnpkg.com/@nivo/axes/-/axes-0.83.0.tgz#480026f46b837d710f17e14ebd501286ef8b0b20"
  integrity sha512-rHMl+DdXQlY2wl7VCSQNcJi4QNISUWOkcWzJeJeVaYR73Z13SVGgiC7kW0czJuogDTSnDAJ/EcFCGmyGVuznGQ==
  dependencies:
    "@nivo/core" "0.83.0"
    "@nivo/scales" "0.83.0"
    "@react-spring/web" "9.4.5 || ^9.7.2"
    "@types/d3-format" "^1.4.1"
    "@types/d3-time-format" "^2.3.1"
    "@types/prop-types" "^15.7.2"
    d3-format "^1.4.4"
    d3-time-format "^3.0.0"
    prop-types "^15.7.2"

"@nivo/calendar@^0.83.0":
  version "0.83.0"
  resolved "https://registry.yarnpkg.com/@nivo/calendar/-/calendar-0.83.0.tgz#c5c6a35ee58e4387043cb79d86fc0d4b4e8d9e9f"
  integrity sha512-LC7oNJFkMoivb2IbCwWQY0isTGjppMA6jwJtlxLcwP7VD1LXV/a2ZRIbvLhCvEgHQpMuKlBtTI6Q2w+t3KrAKA==
  dependencies:
    "@nivo/core" "0.83.0"
    "@nivo/legends" "0.83.0"
    "@nivo/tooltip" "0.83.0"
    "@types/d3-scale" "^3.2.3"
    "@types/d3-time" "^1.0.10"
    "@types/d3-time-format" "^3.0.0"
    d3-scale "^3.2.3"
    d3-time "^1.0.10"
    d3-time-format "^3.0.0"
    lodash "^4.17.21"

"@nivo/colors@0.83.0":
  version "0.83.0"
  resolved "https://registry.yarnpkg.com/@nivo/colors/-/colors-0.83.0.tgz#e8afb2ec10ceb2c0d2b2407f01e11c197c57f78d"
  integrity sha512-n34LWYtE2hbd1fdCDP7TCHNZdbiO1PwcvXLo0VsKK5lNPY/FA5SXA7Z9Ubl/ChSwBwbzAsaAhjTy8KzKzSjDcA==
  dependencies:
    "@nivo/core" "0.83.0"
    "@types/d3-color" "^2.0.0"
    "@types/d3-scale" "^3.2.3"
    "@types/d3-scale-chromatic" "^2.0.0"
    "@types/prop-types" "^15.7.2"
    d3-color "^3.1.0"
    d3-scale "^3.2.3"
    d3-scale-chromatic "^2.0.0"
    lodash "^4.17.21"
    prop-types "^15.7.2"

"@nivo/core@0.83.0", "@nivo/core@^0.83.0":
  version "0.83.0"
  resolved "https://registry.yarnpkg.com/@nivo/core/-/core-0.83.0.tgz#d69a7516b5274b6664ca0fa89f1873e749698c1b"
  integrity sha512-I9fjZAbIPz41JA2WP8Avsud/xk0iiM1nWUzcvZBDebBGFDB5Y1lrldUt9l5kvOeMth3Qj/1lVFTiJxQuojxH4Q==
  dependencies:
    "@nivo/recompose" "0.83.0"
    "@nivo/tooltip" "0.83.0"
    "@react-spring/web" "9.4.5 || ^9.7.2"
    "@types/d3-shape" "^2.0.0"
    d3-color "^3.1.0"
    d3-format "^1.4.4"
    d3-interpolate "^2.0.1"
    d3-scale "^3.2.3"
    d3-scale-chromatic "^2.0.0"
    d3-shape "^1.3.5"
    d3-time-format "^3.0.0"
    lodash "^4.17.21"

"@nivo/geo@^0.83.0":
  version "0.83.0"
  resolved "https://registry.yarnpkg.com/@nivo/geo/-/geo-0.83.0.tgz#6d5a4db5c72979ccc3cb9dcda5cf5915b01ec39c"
  integrity sha512-Jl9EdhwYVGGmZynCTsvrAeANqKdZMZz5yeunHjQlG9tfb0k2KTevI9w+rrW0SO6XXIA+p8mCm6laGbIqEr+Ezw==
  dependencies:
    "@nivo/colors" "0.83.0"
    "@nivo/core" "0.83.0"
    "@nivo/legends" "0.83.0"
    "@nivo/tooltip" "0.83.0"
    d3-format "^1.4.4"
    d3-geo "^1.11.3"
    lodash "^4.17.21"
    prop-types "^15.7.2"

"@nivo/legends@0.83.0":
  version "0.83.0"
  resolved "https://registry.yarnpkg.com/@nivo/legends/-/legends-0.83.0.tgz#90f40c9dea6b4f49f07286d0c5429e0ed4eedcec"
  integrity sha512-WWl3/hTpFJ7/2L0RG53Gbr9KQk+ZjD71a/RIPMJ5ArEvAvKKfWuWQCtEm3FpqAazX8eYMnsQ3Pi17c8ohEIXRg==
  dependencies:
    "@nivo/colors" "0.83.0"
    "@nivo/core" "0.83.0"
    "@types/d3-scale" "^3.2.3"
    "@types/prop-types" "^15.7.2"
    d3-scale "^3.2.3"
    prop-types "^15.7.2"

"@nivo/line@^0.83.0":
  version "0.83.0"
  resolved "https://registry.yarnpkg.com/@nivo/line/-/line-0.83.0.tgz#dbfecd34f3451b3018a2db7f63f05e0dbcac9fee"
  integrity sha512-tF/HcUM7dRf+0uk4E0Ywg7nMYD7NsmF03tp5nIbBSB35PRFoVnczxlzHWw2qoRYwUhCFy2gL6Dyf/6kTHXnIdA==
  dependencies:
    "@nivo/annotations" "0.83.0"
    "@nivo/axes" "0.83.0"
    "@nivo/colors" "0.83.0"
    "@nivo/core" "0.83.0"
    "@nivo/legends" "0.83.0"
    "@nivo/scales" "0.83.0"
    "@nivo/tooltip" "0.83.0"
    "@nivo/voronoi" "0.83.0"
    "@react-spring/web" "9.4.5 || ^9.7.2"
    d3-shape "^1.3.5"
    prop-types "^15.7.2"

"@nivo/pie@^0.83.0":
  version "0.83.0"
  resolved "https://registry.yarnpkg.com/@nivo/pie/-/pie-0.83.0.tgz#4d58c689533cd62cb656632a1fd740f5b36e2bac"
  integrity sha512-98j/h4T/QmQ10gFh1cMh6uLfcGurFcYZN97Lu3ig3D9bbsLuLgpUED/d5O+8w7qLJtnlg3zptqy+N9UgRAqbOg==
  dependencies:
    "@nivo/arcs" "0.83.0"
    "@nivo/colors" "0.83.0"
    "@nivo/core" "0.83.0"
    "@nivo/legends" "0.83.0"
    "@nivo/tooltip" "0.83.0"
    "@types/d3-shape" "^2.0.0"
    d3-shape "^1.3.5"

"@nivo/polar-axes@0.83.0":
  version "0.83.0"
  resolved "https://registry.yarnpkg.com/@nivo/polar-axes/-/polar-axes-0.83.0.tgz#0dcc44e0e80f8acc4417ab3d32fe6972b0a3c526"
  integrity sha512-tMbxy3t0QT/Whq/SFNbR8KVZYf8mHzIofOGMEVHieXK1xor+OH4ERnPXiT/nldkmu0JwPUNr7r+hMxbLBUtrXA==
  dependencies:
    "@nivo/arcs" "0.83.0"
    "@nivo/core" "0.83.0"
    "@nivo/scales" "0.83.0"
    "@react-spring/web" "9.4.5 || ^9.7.2"

"@nivo/radial-bar@^0.83.0":
  version "0.83.0"
  resolved "https://registry.yarnpkg.com/@nivo/radial-bar/-/radial-bar-0.83.0.tgz#d9f1858207a11e447f83998d3f6ebef420eca6a6"
  integrity sha512-hsP4UsYw53ynE2t6WrUcXre8JimXZwr/AGnqauoZPukFG8oNM7r4XF/lxPJsj0Sy5kfA9ywlUnk/NdS/1AT1mQ==
  dependencies:
    "@nivo/arcs" "0.83.0"
    "@nivo/colors" "0.83.0"
    "@nivo/core" "0.83.0"
    "@nivo/legends" "0.83.0"
    "@nivo/polar-axes" "0.83.0"
    "@nivo/scales" "0.83.0"
    "@nivo/tooltip" "0.83.0"
    "@react-spring/web" "9.4.5 || ^9.7.2"
    "@types/d3-scale" "^3.2.3"
    "@types/d3-shape" "^2.0.0"
    d3-scale "^3.2.3"
    d3-shape "^1.3.5"

"@nivo/recompose@0.83.0":
  version "0.83.0"
  resolved "https://registry.yarnpkg.com/@nivo/recompose/-/recompose-0.83.0.tgz#5ea1f638e4a376b0266b8d0761b5ccf27d1db890"
  integrity sha512-3cLEoi9ZoE4LTn6B98oUVd0MRAy5bWK7W3yb0u4EkjLoXXCRvUAI08Wr2AAagOzVOg5PmvghIDgvkz1tlFZTGQ==
  dependencies:
    "@types/prop-types" "^15.7.2"
    "@types/react-lifecycles-compat" "^3.0.1"
    prop-types "^15.7.2"
    react-lifecycles-compat "^3.0.4"

"@nivo/scales@0.83.0":
  version "0.83.0"
  resolved "https://registry.yarnpkg.com/@nivo/scales/-/scales-0.83.0.tgz#82a0ab9df0f3ee487e57ee15ac372d9c6daa21e8"
  integrity sha512-DZn5IcMJErCURDuQPmYltu6GTPphTDVLMvbeN/Id/VSVbD1uYKvdXPKUNOe/N2IvnE8wjjCPv88DLcRhw6VTVg==
  dependencies:
    "@types/d3-scale" "^3.2.3"
    "@types/d3-time" "^1.1.1"
    "@types/d3-time-format" "^3.0.0"
    d3-scale "^3.2.3"
    d3-time "^1.0.11"
    d3-time-format "^3.0.0"
    lodash "^4.17.21"

"@nivo/tooltip@0.83.0":
  version "0.83.0"
  resolved "https://registry.yarnpkg.com/@nivo/tooltip/-/tooltip-0.83.0.tgz#aae44c163a6f3bfefcde3491d050cd118af59857"
  integrity sha512-HewujRqZNmcVnAv/LPLVyYwViad+rYTsFMdzLRzuTPq2hju1R+cfxokTomunG8e1SDtUPtULEVXtPg2ATIzNYg==
  dependencies:
    "@nivo/core" "0.83.0"
    "@react-spring/web" "9.4.5 || ^9.7.2"

"@nivo/voronoi@0.83.0":
  version "0.83.0"
  resolved "https://registry.yarnpkg.com/@nivo/voronoi/-/voronoi-0.83.0.tgz#018c410aa32d032d2caabf762079f227428168bd"
  integrity sha512-wVpskesX2IEJHG82v0rbIUZ2y3MpvzTYM+DQl2gx8K1/Hucxwzk5ltg/aF9e/gfKU8gt24uct3M9TQTEfyhzgg==
  dependencies:
    "@nivo/core" "0.83.0"
    "@types/d3-delaunay" "^5.3.0"
    "@types/d3-scale" "^3.2.3"
    d3-delaunay "^5.3.0"
    d3-scale "^3.2.3"

"@popperjs/core@^2.9.2":
  version "2.11.7"
  resolved "https://registry.yarnpkg.com/@popperjs/core/-/core-2.11.7.tgz#ccab5c8f7dc557a52ca3288c10075c9ccd37fff7"
  integrity sha512-Cr4OjIkipTtcXKjAsm8agyleBuDHvxzeBoa1v543lbv1YaIwQjESsVcmjiWiPEbC1FIeHOG/Op9kdCmAmiS3Kw==

"@react-spring/animated@~9.7.2":
  version "9.7.2"
  resolved "https://registry.yarnpkg.com/@react-spring/animated/-/animated-9.7.2.tgz#0119db8075e91d693ec45c42575541e01b104a70"
  integrity sha512-ipvleJ99ipqlnHkz5qhSsgf/ny5aW0ZG8Q+/2Oj9cI7LCc7COdnrSO6V/v8MAX3JOoQNzfz6dye2s5Pt5jGaIA==
  dependencies:
    "@react-spring/shared" "~9.7.2"
    "@react-spring/types" "~9.7.2"

"@react-spring/core@~9.7.2":
  version "9.7.2"
  resolved "https://registry.yarnpkg.com/@react-spring/core/-/core-9.7.2.tgz#804ebadee45a6adff00886454d6f1c5d97ee219d"
  integrity sha512-fF512edZT/gKVCA90ZRxfw1DmELeVwiL4OC2J6bMUlNr707C0h4QRoec6DjzG27uLX2MvS1CEatf9KRjwZR9/w==
  dependencies:
    "@react-spring/animated" "~9.7.2"
    "@react-spring/rafz" "~9.7.2"
    "@react-spring/shared" "~9.7.2"
    "@react-spring/types" "~9.7.2"

"@react-spring/rafz@~9.7.2":
  version "9.7.2"
  resolved "https://registry.yarnpkg.com/@react-spring/rafz/-/rafz-9.7.2.tgz#77e7088c215e05cf893851cd87ceb40d89f2a7d7"
  integrity sha512-kDWMYDQto3+flkrX3vy6DU/l9pxQ4TVW91DglQEc11iDc7shF4+WVDRJvOVLX+xoMP7zyag1dMvlIgvQ+dvA/A==

"@react-spring/shared@~9.7.2":
  version "9.7.2"
  resolved "https://registry.yarnpkg.com/@react-spring/shared/-/shared-9.7.2.tgz#b8485617bdcc9f6348b245922051fb534e07c566"
  integrity sha512-6U9qkno+9DxlH5nSltnPs+kU6tYKf0bPLURX2te13aGel8YqgcpFYp5Av8DcN2x3sukinAsmzHUS/FRsdZMMBA==
  dependencies:
    "@react-spring/rafz" "~9.7.2"
    "@react-spring/types" "~9.7.2"

"@react-spring/types@~9.7.2":
  version "9.7.2"
  resolved "https://registry.yarnpkg.com/@react-spring/types/-/types-9.7.2.tgz#e04dd72755d88b0e3163ba143ecd8ba78b68a5b0"
  integrity sha512-GEflx2Ex/TKVMHq5g5MxQDNNPNhqg+4Db9m7+vGTm8ttZiyga7YQUF24shgRNebKIjahqCuei16SZga8h1pe4g==

"@react-spring/web@9.4.5 || ^9.7.2":
  version "9.7.2"
  resolved "https://registry.yarnpkg.com/@react-spring/web/-/web-9.7.2.tgz#76e53dd24033764c3062f9927f88b0f3194688d4"
  integrity sha512-7qNc7/5KShu2D05x7o2Ols2nUE7mCKfKLaY2Ix70xPMfTle1sZisoQMBFgV9w/fSLZlHZHV9P0uWJqEXQnbV4Q==
  dependencies:
    "@react-spring/animated" "~9.7.2"
    "@react-spring/core" "~9.7.2"
    "@react-spring/shared" "~9.7.2"
    "@react-spring/types" "~9.7.2"

"@types/d3-color@^2.0.0":
  version "2.0.3"
  resolved "https://registry.yarnpkg.com/@types/d3-color/-/d3-color-2.0.3.tgz#8bc4589073c80e33d126345542f588056511fe82"
  integrity sha512-+0EtEjBfKEDtH9Rk3u3kLOUXM5F+iZK+WvASPb0MhIZl8J8NUvGeZRwKCXl+P3HkYx5TdU4YtcibpqHkSR9n7w==

"@types/d3-delaunay@^5.3.0":
  version "5.3.1"
  resolved "https://registry.yarnpkg.com/@types/d3-delaunay/-/d3-delaunay-5.3.1.tgz#47ae03af6b78cb3aa39d3d3c42ca71daca488aef"
  integrity sha512-F6itHi2DxdatHil1rJ2yEFUNhejj8+0Acd55LZ6Ggwbdoks0+DxVY2cawNj16sjCBiWvubVlh6eBMVsYRNGLew==

"@types/d3-format@^1.4.1":
  version "1.4.2"
  resolved "https://registry.yarnpkg.com/@types/d3-format/-/d3-format-1.4.2.tgz#ea17bf559b71d9afd569ae9bfe4c544dab863baa"
  integrity sha512-WeGCHAs7PHdZYq6lwl/+jsl+Nfc1J2W1kNcMeIMYzQsT6mtBDBgtJ/rcdjZ0k0rVIvqEZqhhuD5TK/v3P2gFHQ==

"@types/d3-path@^2":
  version "2.0.2"
  resolved "https://registry.yarnpkg.com/@types/d3-path/-/d3-path-2.0.2.tgz#6052f38f6186319769dfabab61b5514b0e02c75c"
  integrity sha512-3YHpvDw9LzONaJzejXLOwZ3LqwwkoXb9LI2YN7Hbd6pkGo5nIlJ09ul4bQhBN4hQZJKmUpX8HkVqbzgUKY48cg==

"@types/d3-scale-chromatic@^2.0.0":
  version "2.0.1"
  resolved "https://registry.yarnpkg.com/@types/d3-scale-chromatic/-/d3-scale-chromatic-2.0.1.tgz#495cbbae7273e0d0ff564cdc19aa6d2b9928da83"
  integrity sha512-3EuZlbPu+pvclZcb1DhlymTWT2W+lYsRKBjvkH2ojDbCWDYavifqu1vYX9WGzlPgCgcS4Alhk1+zapXbGEGylQ==

"@types/d3-scale@^3.2.3":
  version "3.3.2"
  resolved "https://registry.yarnpkg.com/@types/d3-scale/-/d3-scale-3.3.2.tgz#18c94e90f4f1c6b1ee14a70f14bfca2bd1c61d06"
  integrity sha512-gGqr7x1ost9px3FvIfUMi5XA/F/yAf4UkUDtdQhpH92XCT0Oa7zkkRzY61gPVJq+DxpHn/btouw5ohWkbBsCzQ==
  dependencies:
    "@types/d3-time" "^2"

"@types/d3-shape@^2.0.0":
  version "2.1.3"
  resolved "https://registry.yarnpkg.com/@types/d3-shape/-/d3-shape-2.1.3.tgz#35d397b9e687abaa0de82343b250b9897b8cacf3"
  integrity sha512-HAhCel3wP93kh4/rq+7atLdybcESZ5bRHDEZUojClyZWsRuEMo3A52NGYJSh48SxfxEU6RZIVbZL2YFZ2OAlzQ==
  dependencies:
    "@types/d3-path" "^2"

"@types/d3-time-format@^2.3.1":
  version "2.3.1"
  resolved "https://registry.yarnpkg.com/@types/d3-time-format/-/d3-time-format-2.3.1.tgz#87a30e4513b9d1d53b920327a361f87255bf3372"
  integrity sha512-fck0Z9RGfIQn3GJIEKVrp15h9m6Vlg0d5XXeiE/6+CQiBmMDZxfR21XtjEPuDeg7gC3bBM0SdieA5XF3GW1wKA==

"@types/d3-time-format@^3.0.0":
  version "3.0.1"
  resolved "https://registry.yarnpkg.com/@types/d3-time-format/-/d3-time-format-3.0.1.tgz#1680fb6c41ab3a85db261ede296626668592246a"
  integrity sha512-5GIimz5IqaRsdnxs4YlyTZPwAMfALu/wA4jqSiuqgdbCxUZ2WjrnwANqOtoBJQgeaUTdYNfALJO0Yb0YrDqduA==

"@types/d3-time@^1.0.10", "@types/d3-time@^1.1.1":
  version "1.1.1"
  resolved "https://registry.yarnpkg.com/@types/d3-time/-/d3-time-1.1.1.tgz#6cf3a4242c3bbac00440dfb8ba7884f16bedfcbf"
  integrity sha512-ULX7LoqXTCYtM+tLYOaeAJK7IwCT+4Gxlm2MaH0ErKLi07R5lh8NHCAyWcDkCCmx1AfRcBEV6H9QE9R25uP7jw==

"@types/d3-time@^2":
  version "2.1.1"
  resolved "https://registry.yarnpkg.com/@types/d3-time/-/d3-time-2.1.1.tgz#743fdc821c81f86537cbfece07093ac39b4bc342"
  integrity sha512-9MVYlmIgmRR31C5b4FVSWtuMmBHh2mOWQYfl7XAYOa8dsnb7iEmUmRSWSFgXFtkjxO65d7hTUHQC+RhR/9IWFg==

"@types/prop-types@*", "@types/prop-types@^15.7.2":
  version "15.7.5"
  resolved "https://registry.yarnpkg.com/@types/prop-types/-/prop-types-15.7.5.tgz#5f19d2b85a98e9558036f6a3cacc8819420f05cf"
  integrity sha512-JCB8C6SnDoQf0cNycqd/35A7MjcnK+ZTqE7judS6o7utxUCg6imJg3QK2qzHKszlTjcj2cn+NwMB2i96ubpj7w==

"@types/react-lifecycles-compat@^3.0.1":
  version "3.0.1"
  resolved "https://registry.yarnpkg.com/@types/react-lifecycles-compat/-/react-lifecycles-compat-3.0.1.tgz#a0b1fe18cfb9435bd52737829a69cbe93faf32e2"
  integrity sha512-4KiU5s1Go4xRbf7t6VxUUpBeN5PGjpjpBv9VvET4uiPHC500VNYBclU13f8ehHkHoZL39b2cfwHu6RzbV3b44A==
  dependencies:
    "@types/react" "*"

"@types/react@*":
  version "18.2.6"
  resolved "https://registry.yarnpkg.com/@types/react/-/react-18.2.6.tgz#5cd53ee0d30ffc193b159d3516c8c8ad2f19d571"
  integrity sha512-wRZClXn//zxCFW+ye/D2qY65UsYP1Fpex2YXorHc8awoNamkMZSvBxwxdYVInsHOZZd2Ppq8isnSzJL5Mpf8OA==
  dependencies:
    "@types/prop-types" "*"
    "@types/scheduler" "*"
    csstype "^3.0.2"

"@types/scheduler@*":
  version "0.16.3"
  resolved "https://registry.yarnpkg.com/@types/scheduler/-/scheduler-0.16.3.tgz#cef09e3ec9af1d63d2a6cc5b383a737e24e6dcf5"
  integrity sha512-5cJ8CB4yAx7BH1oMvdU0Jh9lrEXyPkar6F9G/ERswkCuvP4KQZfZkSjcMbAICCpQTN4OuZn8tz0HiKv9TGZgrQ==

classnames@^2.2.6:
  version "2.3.2"
  resolved "https://registry.yarnpkg.com/classnames/-/classnames-2.3.2.tgz#351d813bf0137fcc6a76a16b88208d2560a0d924"
  integrity sha512-CSbhY4cFEJRe6/GQzIk5qXZ4Jeg5pcsP7b5peFSDpffpe1cqjASH/n9UTjBwOp6XpMSTwQ8Za2K5V02ueA7Tmw==

csstype@^3.0.2:
  version "3.1.2"
  resolved "https://registry.yarnpkg.com/csstype/-/csstype-3.1.2.tgz#1d4bf9d572f11c14031f0436e1c10bc1f571f50b"
  integrity sha512-I7K1Uu0MBPzaFKg4nI5Q7Vs2t+3gWWW648spaF+Rg7pI9ds18Ugn+lvg4SHczUdKlHI5LWBXyqfS8+DufyBsgQ==

d3-array@1:
  version "1.2.4"
  resolved "https://registry.yarnpkg.com/d3-array/-/d3-array-1.2.4.tgz#635ce4d5eea759f6f605863dbcfc30edc737f71f"
  integrity sha512-KHW6M86R+FUPYGb3R5XiYjXPq7VzwxZ22buHhAEVG5ztoEcZZMLov530mmccaqA1GghZArjQV46fuc8kUqhhHw==

d3-array@2, d3-array@^2.3.0:
  version "2.12.1"
  resolved "https://registry.yarnpkg.com/d3-array/-/d3-array-2.12.1.tgz#e20b41aafcdffdf5d50928004ececf815a465e81"
  integrity sha512-B0ErZK/66mHtEsR1TkPEEkwdy+WDesimkM5gpZr5Dsg54BiTA5RXtYW5qTLIAcekaS9xfZrzBLF/OAkB3Qn1YQ==
  dependencies:
    internmap "^1.0.0"

"d3-color@1 - 2":
  version "2.0.0"
  resolved "https://registry.yarnpkg.com/d3-color/-/d3-color-2.0.0.tgz#8d625cab42ed9b8f601a1760a389f7ea9189d62e"
  integrity sha512-SPXi0TSKPD4g9tw0NMZFnR95XVgUZiBH+uUTqQuDu1OsE2zomHU7ho0FISciaPvosimixwHFl3WHLGabv6dDgQ==

d3-color@^3.1.0:
  version "3.1.0"
  resolved "https://registry.yarnpkg.com/d3-color/-/d3-color-3.1.0.tgz#395b2833dfac71507f12ac2f7af23bf819de24e2"
  integrity sha512-zg/chbXyeBtMQ1LbD/WSoW2DpC3I0mpmPdW+ynRTj/x2DAWYrIY7qeZIHidozwV24m4iavr15lNwIwLxRmOxhA==

d3-delaunay@^5.3.0:
  version "5.3.0"
  resolved "https://registry.yarnpkg.com/d3-delaunay/-/d3-delaunay-5.3.0.tgz#b47f05c38f854a4e7b3cea80e0bb12e57398772d"
  integrity sha512-amALSrOllWVLaHTnDLHwMIiz0d1bBu9gZXd1FiLfXf8sHcX9jrcj81TVZOqD4UX7MgBZZ07c8GxzEgBpJqc74w==
  dependencies:
    delaunator "4"

"d3-format@1 - 2":
  version "2.0.0"
  resolved "https://registry.yarnpkg.com/d3-format/-/d3-format-2.0.0.tgz#a10bcc0f986c372b729ba447382413aabf5b0767"
  integrity sha512-Ab3S6XuE/Q+flY96HXT0jOXcM4EAClYFnRGY5zsjRGNy6qCYrQsMffs7cV5Q9xejb35zxW5hf/guKw34kvIKsA==

d3-format@^1.4.4:
  version "1.4.5"
  resolved "https://registry.yarnpkg.com/d3-format/-/d3-format-1.4.5.tgz#374f2ba1320e3717eb74a9356c67daee17a7edb4"
  integrity sha512-J0piedu6Z8iB6TbIGfZgDzfXxUFN3qQRMofy2oPdXzQibYGqPB/9iMcxr/TGalU+2RsyDO+U4f33id8tbnSRMQ==

d3-geo@^1.11.3:
  version "1.12.1"
  resolved "https://registry.yarnpkg.com/d3-geo/-/d3-geo-1.12.1.tgz#7fc2ab7414b72e59fbcbd603e80d9adc029b035f"
  integrity sha512-XG4d1c/UJSEX9NfU02KwBL6BYPj8YKHxgBEw5om2ZnTRSbIcego6dhHwcxuSR3clxh0EpE38os1DVPOmnYtTPg==
  dependencies:
    d3-array "1"

"d3-interpolate@1 - 2", "d3-interpolate@1.2.0 - 2", d3-interpolate@^2.0.1:
  version "2.0.1"
  resolved "https://registry.yarnpkg.com/d3-interpolate/-/d3-interpolate-2.0.1.tgz#98be499cfb8a3b94d4ff616900501a64abc91163"
  integrity sha512-c5UhwwTs/yybcmTpAVqwSFl6vrQ8JZJoT5F7xNFK9pymv5C0Ymcc9/LIJHtYIggg/yS9YHw8i8O8tgb9pupjeQ==
  dependencies:
    d3-color "1 - 2"

d3-path@1:
  version "1.0.9"
  resolved "https://registry.yarnpkg.com/d3-path/-/d3-path-1.0.9.tgz#48c050bb1fe8c262493a8caf5524e3e9591701cf"
  integrity sha512-VLaYcn81dtHVTjEHd8B+pbe9yHWpXKZUC87PzoFmsFrJqgFwDe/qxfp5MlfsfM1V5E/iVt0MmEbWQ7FVIXh/bg==

d3-scale-chromatic@^2.0.0:
  version "2.0.0"
  resolved "https://registry.yarnpkg.com/d3-scale-chromatic/-/d3-scale-chromatic-2.0.0.tgz#c13f3af86685ff91323dc2f0ebd2dabbd72d8bab"
  integrity sha512-LLqy7dJSL8yDy7NRmf6xSlsFZ6zYvJ4BcWFE4zBrOPnQERv9zj24ohnXKRbyi9YHnYV+HN1oEO3iFK971/gkzA==
  dependencies:
    d3-color "1 - 2"
    d3-interpolate "1 - 2"

d3-scale@^3.2.3:
  version "3.3.0"
  resolved "https://registry.yarnpkg.com/d3-scale/-/d3-scale-3.3.0.tgz#28c600b29f47e5b9cd2df9749c206727966203f3"
  integrity sha512-1JGp44NQCt5d1g+Yy+GeOnZP7xHo0ii8zsQp6PGzd+C1/dl0KGsp9A7Mxwp+1D1o4unbTTxVdU/ZOIEBoeZPbQ==
  dependencies:
    d3-array "^2.3.0"
    d3-format "1 - 2"
    d3-interpolate "1.2.0 - 2"
    d3-time "^2.1.1"
    d3-time-format "2 - 3"

d3-shape@^1.3.5:
  version "1.3.7"
  resolved "https://registry.yarnpkg.com/d3-shape/-/d3-shape-1.3.7.tgz#df63801be07bc986bc54f63789b4fe502992b5d7"
  integrity sha512-EUkvKjqPFUAZyOlhY5gzCxCeI0Aep04LwIRpsZ/mLFelJiUfnK56jo5JMDSE7yyP2kLSb6LtF+S5chMk7uqPqw==
  dependencies:
    d3-path "1"

"d3-time-format@2 - 3", d3-time-format@^3.0.0:
  version "3.0.0"
  resolved "https://registry.yarnpkg.com/d3-time-format/-/d3-time-format-3.0.0.tgz#df8056c83659e01f20ac5da5fdeae7c08d5f1bb6"
  integrity sha512-UXJh6EKsHBTjopVqZBhFysQcoXSv/5yLONZvkQ5Kk3qbwiUYkdX17Xa1PT6U1ZWXGGfB1ey5L8dKMlFq2DO0Ag==
  dependencies:
    d3-time "1 - 2"

"d3-time@1 - 2", d3-time@^2.1.1:
  version "2.1.1"
  resolved "https://registry.yarnpkg.com/d3-time/-/d3-time-2.1.1.tgz#e9d8a8a88691f4548e68ca085e5ff956724a6682"
  integrity sha512-/eIQe/eR4kCQwq7yxi7z4c6qEXf2IYGcjoWB5OOQy4Tq9Uv39/947qlDcN2TLkiTzQWzvnsuYPB9TrWaNfipKQ==
  dependencies:
    d3-array "2"

d3-time@^1.0.10, d3-time@^1.0.11:
  version "1.1.0"
  resolved "https://registry.yarnpkg.com/d3-time/-/d3-time-1.1.0.tgz#b1e19d307dae9c900b7e5b25ffc5dcc249a8a0f1"
  integrity sha512-Xh0isrZ5rPYYdqhAVk8VLnMEidhz5aP7htAADH6MfzgmmicPkTo8LhkLxci61/lCB7n7UmE3bN0leRt+qvkLxA==

date-fns@^2.24.0:
  version "2.30.0"
  resolved "https://registry.yarnpkg.com/date-fns/-/date-fns-2.30.0.tgz#f367e644839ff57894ec6ac480de40cae4b0f4d0"
  integrity sha512-fnULvOpxnC5/Vg3NCiWelDsLiUc9bRwAPs/+LfTLNvetFCtCTN+yQz15C/fs4AwX1R9K5GLtLfn8QW+dWisaAw==
  dependencies:
    "@babel/runtime" "^7.21.0"

delaunator@4:
  version "4.0.1"
  resolved "https://registry.yarnpkg.com/delaunator/-/delaunator-4.0.1.tgz#3d779687f57919a7a418f8ab947d3bddb6846957"
  integrity sha512-WNPWi1IRKZfCt/qIDMfERkDp93+iZEmOxN2yy4Jg+Xhv8SLk2UTqqbe1sfiipn0and9QrE914/ihdx82Y/Giag==

internmap@^1.0.0:
  version "1.0.1"
  resolved "https://registry.yarnpkg.com/internmap/-/internmap-1.0.1.tgz#0017cc8a3b99605f0302f2b198d272e015e5df95"
  integrity sha512-lDB5YccMydFBtasVtxnZ3MRBHuaoE8GKsppq+EchKL2U4nK/DmEpPHNH8MZe5HkMtpSiTSOZwfN0tzYjO/lJEw==

"js-tokens@^3.0.0 || ^4.0.0":
  version "4.0.0"
  resolved "https://registry.yarnpkg.com/js-tokens/-/js-tokens-4.0.0.tgz#19203fb59991df98e3a287050d4647cdeaf32499"
  integrity sha512-RdJUflcE3cUzKiMqQgsCu06FPu9UdIJO0beYbPhHN4k6apgJtifcoCtT9bcxOpYBtpD2kCM6Sbzg4CausW/PKQ==

lodash@^4.17.21:
  version "4.17.21"
  resolved "https://registry.yarnpkg.com/lodash/-/lodash-4.17.21.tgz#679591c564c3bffaae8454cf0b3df370c3d6911c"
  integrity sha512-v2kDEe57lecTulaDIuNTPy3Ry4gLGJ6Z1O3vE1krgXZNrsQ+LFTGHVxVjcXPs17LhbZVGedAJv8XZ1tvj5FvSg==

loose-envify@^1.0.0, loose-envify@^1.4.0:
  version "1.4.0"
  resolved "https://registry.yarnpkg.com/loose-envify/-/loose-envify-1.4.0.tgz#71ee51fa7be4caec1a63839f7e682d8132d30caf"
  integrity sha512-lyuxPGr/Wfhrlem2CL/UcnUc1zcqKAImBDzukY7Y5F/yQiNdko6+fRLevlw1HgMySw7f611UIY408EtxRSoK3Q==
  dependencies:
    js-tokens "^3.0.0 || ^4.0.0"

object-assign@^4.1.1:
  version "4.1.1"
  resolved "https://registry.yarnpkg.com/object-assign/-/object-assign-4.1.1.tgz#2109adc7965887cfc05cbbd442cac8bfbb360863"
  integrity sha512-rJgTQnkUnH1sFw8yT6VSU3zD3sWmu6sZhIseY8VX+GRu3P6F7Fu+JNDoXfklElbLJSnc3FUQHVe4cU5hj+BcUg==

prop-types@^15.7.2:
  version "15.8.1"
  resolved "https://registry.yarnpkg.com/prop-types/-/prop-types-15.8.1.tgz#67d87bf1a694f48435cf332c24af10214a3140b5"
  integrity sha512-oj87CgZICdulUohogVAR7AjlC0327U4el4L6eAvOqCeudMDVU0NThNaV+b9Df4dXgSP1gXMTnPdhfe/2qDH5cg==
  dependencies:
    loose-envify "^1.4.0"
    object-assign "^4.1.1"
    react-is "^16.13.1"

react-datepicker@^4.11.0:
  version "4.11.0"
  resolved "https://registry.yarnpkg.com/react-datepicker/-/react-datepicker-4.11.0.tgz#40e73b4729a284ed206fdb322b8e84eb566e11a3"
  integrity sha512-50n93o7mQwBEhg05tbopjFKgs8qgi8VBCAOMC4VqrKut72eAjESc/wXS/k5hRtnP0oe2FCGw7MJuIwh37wuXOw==
  dependencies:
    "@popperjs/core" "^2.9.2"
    classnames "^2.2.6"
    date-fns "^2.24.0"
    prop-types "^15.7.2"
    react-onclickoutside "^6.12.2"
    react-popper "^2.3.0"

react-fast-compare@^3.0.1:
  version "3.2.1"
  resolved "https://registry.yarnpkg.com/react-fast-compare/-/react-fast-compare-3.2.1.tgz#53933d9e14f364281d6cba24bfed7a4afb808b5f"
  integrity sha512-xTYf9zFim2pEif/Fw16dBiXpe0hoy5PxcD8+OwBnTtNLfIm3g6WxhKNurY+6OmdH1u6Ta/W/Vl6vjbYP1MFnDg==

react-is@^16.13.1:
  version "16.13.1"
  resolved "https://registry.yarnpkg.com/react-is/-/react-is-16.13.1.tgz#789729a4dc36de2999dc156dd6c1d9c18cea56a4"
  integrity sha512-24e6ynE2H+OKt4kqsOvNd8kBpV65zoxbA4BVsEOB3ARVWQki/DHzaUoC5KuON/BiccDaCCTZBuOcfZs70kR8bQ==

react-lifecycles-compat@^3.0.4:
  version "3.0.4"
  resolved "https://registry.yarnpkg.com/react-lifecycles-compat/-/react-lifecycles-compat-3.0.4.tgz#4f1a273afdfc8f3488a8c516bfda78f872352362"
  integrity sha512-fBASbA6LnOU9dOU2eW7aQ8xmYBSXUIWr+UmF9b1efZBazGNO+rcXT/icdKnYm2pTwcRylVUYwW7H1PHfLekVzA==

react-onclickoutside@^6.12.2:
  version "6.13.0"
  resolved "https://registry.yarnpkg.com/react-onclickoutside/-/react-onclickoutside-6.13.0.tgz#e165ea4e5157f3da94f4376a3ab3e22a565f4ffc"
  integrity sha512-ty8So6tcUpIb+ZE+1HAhbLROvAIJYyJe/1vRrrcmW+jLsaM+/powDRqxzo6hSh9CuRZGSL1Q8mvcF5WRD93a0A==

react-popper@^2.3.0:
  version "2.3.0"
  resolved "https://registry.yarnpkg.com/react-popper/-/react-popper-2.3.0.tgz#17891c620e1320dce318bad9fede46a5f71c70ba"
  integrity sha512-e1hj8lL3uM+sgSR4Lxzn5h1GxBlpa4CQz0XLF8kx4MDrDRWY0Ena4c97PUeSX9i5W3UAfDP0z0FXCTQkoXUl3Q==
  dependencies:
    react-fast-compare "^3.0.1"
    warning "^4.0.2"

regenerator-runtime@^0.13.11:
  version "0.13.11"
  resolved "https://registry.yarnpkg.com/regenerator-runtime/-/regenerator-runtime-0.13.11.tgz#f6dca3e7ceec20590d07ada785636a90cdca17f9"
  integrity sha512-kY1AZVr2Ra+t+piVaJ4gxaFaReZVH40AKNo7UCX6W+dEwBo/2oZJzqfuN1qLq1oL45o56cPaTXELwrTh8Fpggg==

warning@^4.0.2:
  version "4.0.3"
  resolved "https://registry.yarnpkg.com/warning/-/warning-4.0.3.tgz#16e9e077eb8a86d6af7d64aa1e05fd85b4678ca3"
  integrity sha512-rpJyN222KWIvHJ/F53XSZv0Zl/accqHR8et1kpaMTD/fLCRxtV8iX8czMzY7sVZupTI3zcUTg8eycS2kNF9l6w==
  dependencies:
    loose-envify "^1.0.0"
